
Microsoft Visual Studio Solution File, Format Version 12.00
# Visual Studio 15
VisualStudioVersion = 15.0.28307.136
MinimumVisualStudioVersion = 10.0.40219.1
Project("{FAE04EC0-301F-11D3-BF4B-00C04F79EFBC}") = "Курсач", "Курсач\Курсач.csproj", "{BC4FE53D-7874-41B4-9E65-95D8A65E77ED}"
EndProject
Global
	GlobalSection(SolutionConfigurationPlatforms) = preSolution
		Debug|Any CPU = Debug|Any CPU
		Release|Any CPU = Release|Any CPU
	EndGlobalSection
	GlobalSection(ProjectConfigurationPlatforms) = postSolution
		{BC4FE53D-7874-41B4-9E65-95D8A65E77ED}.Debug|Any CPU.ActiveCfg = Debug|Any CPU
		{BC4FE53D-7874-41B4-9E65-95D8A65E77ED}.Debug|Any CPU.Build.0 = Debug|Any CPU
		{BC4FE53D-7874-41B4-9E65-95D8A65E77ED}.Release|Any CPU.ActiveCfg = Release|Any CPU
		{BC4FE53D-7874-41B4-9E65-95D8A65E77ED}.Release|Any CPU.Build.0 = Release|Any CPU
	EndGlobalSection
	GlobalSection(SolutionProperties) = preSolution
		HideSolutionNode = FALSE
	EndGlobalSection
	GlobalSection(ExtensibilityGlobals) = postSolution
		SolutionGuid = {8AABB9A5-0F42-4E45-9AB8-0BFC9F979251}
	EndGlobalSection
EndGlobal
